
Microsoft Visual Studio Solution File, Format Version 12.00
# Visual Studio Version 16
VisualStudioVersion = 16.0.30114.105
MinimumVisualStudioVersion = 10.0.40219.1
Project("{FAE04EC0-301F-11D3-BF4B-00C04F79EFBC}") = "ChristmasPictureRater", "ChristmasPictureRater.csproj", "{FA17CEBF-2C9C-4CE3-AB24-1FE005F3936E}"
EndProject
Global
	GlobalSection(SolutionConfigurationPlatforms) = preSolution
		Debug|Any CPU = Debug|Any CPU
		Release|Any CPU = Release|Any CPU
	EndGlobalSection
	GlobalSection(ProjectConfigurationPlatforms) = postSolution
		{FA17CEBF-2C9C-4CE3-AB24-1FE005F3936E}.Debug|Any CPU.ActiveCfg = Debug|Any CPU
		{FA17CEBF-2C9C-4CE3-AB24-1FE005F3936E}.Debug|Any CPU.Build.0 = Debug|Any CPU
		{FA17CEBF-2C9C-4CE3-AB24-1FE005F3936E}.Release|Any CPU.ActiveCfg = Release|Any CPU
		{FA17CEBF-2C9C-4CE3-AB24-1FE005F3936E}.Release|Any CPU.Build.0 = Release|Any CPU
	EndGlobalSection
	GlobalSection(SolutionProperties) = preSolution
		HideSolutionNode = FALSE
	EndGlobalSection
	GlobalSection(ExtensibilityGlobals) = postSolution
		SolutionGuid = {1702466A-E123-4B53-818B-48F27427C9A6}
	EndGlobalSection
EndGlobal
